
Microsoft Visual Studio Solution File, Format Version 12.00
# Visual Studio 15
VisualStudioVersion = 15.0.27428.2005
MinimumVisualStudioVersion = 10.0.40219.1
Project("{FAE04EC0-301F-11D3-BF4B-00C04F79EFBC}") = "apiClientDotNet", "apiClientDotNet\apiClientDotNet.csproj", "{CADFFB87-2C7C-49C7-A460-19393C404DC0}"
EndProject
Project("{FAE04EC0-301F-11D3-BF4B-00C04F79EFBC}") = "apiClientDotNetTest", "apiClientDotNetTest\apiClientDotNetTest.csproj", "{83D58AA9-14E3-4B6A-9178-3917475003A8}"
EndProject
Global
	GlobalSection(SolutionConfigurationPlatforms) = preSolution
		Debug|Any CPU = Debug|Any CPU
		Release|Any CPU = Release|Any CPU
	EndGlobalSection
	GlobalSection(ProjectConfigurationPlatforms) = postSolution
		{CADFFB87-2C7C-49C7-A460-19393C404DC0}.Debug|Any CPU.ActiveCfg = Debug|Any CPU
		{CADFFB87-2C7C-49C7-A460-19393C404DC0}.Debug|Any CPU.Build.0 = Debug|Any CPU
		{CADFFB87-2C7C-49C7-A460-19393C404DC0}.Release|Any CPU.ActiveCfg = Release|Any CPU
		{CADFFB87-2C7C-49C7-A460-19393C404DC0}.Release|Any CPU.Build.0 = Release|Any CPU
		{83D58AA9-14E3-4B6A-9178-3917475003A8}.Debug|Any CPU.ActiveCfg = Debug|Any CPU
		{83D58AA9-14E3-4B6A-9178-3917475003A8}.Debug|Any CPU.Build.0 = Debug|Any CPU
		{83D58AA9-14E3-4B6A-9178-3917475003A8}.Release|Any CPU.ActiveCfg = Release|Any CPU
		{83D58AA9-14E3-4B6A-9178-3917475003A8}.Release|Any CPU.Build.0 = Release|Any CPU
	EndGlobalSection
	GlobalSection(SolutionProperties) = preSolution
		HideSolutionNode = FALSE
	EndGlobalSection
	GlobalSection(ExtensibilityGlobals) = postSolution
		SolutionGuid = {2D480869-B059-4722-AF99-8D772ED6FC40}
	EndGlobalSection
EndGlobal
